// !$*UTF8*$!
{
	archiveVersion = 1;
	classes = {
	};
	objectVersion = 50;
	objects = {

/* Begin PBXBuildFile section */
		4BB91FED262DE67700D05861 /* RaceInfo.swift in Sources */ = {isa = PBXBuildFile; fileRef = 4BB91FEC262DE67700D05861 /* RaceInfo.swift */; };
		4BB91FF3262DE6B300D05861 /* RaceResult.swift in Sources */ = {isa = PBXBuildFile; fileRef = 4BB91FF2262DE6B300D05861 /* RaceResult.swift */; };
		4BD78244262CF8F5005BAE17 /* ScorableCell.swift in Sources */ = {isa = PBXBuildFile; fileRef = 4BD78243262CF8F5005BAE17 /* ScorableCell.swift */; };
		4BD78248262DA89A005BAE17 /* TeamListView.swift in Sources */ = {isa = PBXBuildFile; fileRef = 4BD78247262DA89A005BAE17 /* TeamListView.swift */; };
		4BD7824E262DBC39005BAE17 /* Entry.swift in Sources */ = {isa = PBXBuildFile; fileRef = 4BD7824D262DBC39005BAE17 /* Entry.swift */; };
		4BE31B142613D58000B664BC /* FantasyGPSimulatorV2App.swift in Sources */ = {isa = PBXBuildFile; fileRef = 4BE31B132613D58000B664BC /* FantasyGPSimulatorV2App.swift */; };
		4BE31B162613D58000B664BC /* ContentView.swift in Sources */ = {isa = PBXBuildFile; fileRef = 4BE31B152613D58000B664BC /* ContentView.swift */; };
		4BE31B182613D58200B664BC /* Assets.xcassets in Resources */ = {isa = PBXBuildFile; fileRef = 4BE31B172613D58200B664BC /* Assets.xcassets */; };
		4BE31B1B2613D58200B664BC /* Preview Assets.xcassets in Resources */ = {isa = PBXBuildFile; fileRef = 4BE31B1A2613D58200B664BC /* Preview Assets.xcassets */; };
		4BE31B252613D6A100B664BC /* Driver.swift in Sources */ = {isa = PBXBuildFile; fileRef = 4BE31B242613D6A100B664BC /* Driver.swift */; };
		4BE31B2E2613DA6F00B664BC /* Race.swift in Sources */ = {isa = PBXBuildFile; fileRef = 4BE31B2D2613DA6F00B664BC /* Race.swift */; };
		4BE31B312613DB1700B664BC /* Constructor.swift in Sources */ = {isa = PBXBuildFile; fileRef = 4BE31B302613DB1700B664BC /* Constructor.swift */; };
		4BE31B342613DDA700B664BC /* Bahrain.swift in Sources */ = {isa = PBXBuildFile; fileRef = 4BE31B332613DDA700B664BC /* Bahrain.swift */; };
		4BE31B392613E4CC00B664BC /* Score.swift in Sources */ = {isa = PBXBuildFile; fileRef = 4BE31B382613E4CC00B664BC /* Score.swift */; };
		4BE31B452613EBBF00B664BC /* Displayable.swift in Sources */ = {isa = PBXBuildFile; fileRef = 4BE31B442613EBBF00B664BC /* Displayable.swift */; };
		4BE31B5226149BD100B664BC /* FantasyGPSimulatorV2Tests.swift in Sources */ = {isa = PBXBuildFile; fileRef = 4BE31B5126149BD100B664BC /* FantasyGPSimulatorV2Tests.swift */; };
		4BE31B5C26149BF300B664BC /* BahrainTests.swift in Sources */ = {isa = PBXBuildFile; fileRef = 4BE31B5B26149BF300B664BC /* BahrainTests.swift */; };
		4BE31B612614A73900B664BC /* Team.swift in Sources */ = {isa = PBXBuildFile; fileRef = 4BE31B602614A73900B664BC /* Team.swift */; };
		4BE31B662614A94500B664BC /* UniquePermutations.swift in Sources */ = {isa = PBXBuildFile; fileRef = 4BE31B652614A94500B664BC /* UniquePermutations.swift */; };
		4BE31B6A2614A97600B664BC /* TeamFactory.swift in Sources */ = {isa = PBXBuildFile; fileRef = 4BE31B692614A97600B664BC /* TeamFactory.swift */; };
		4BF7E103262C83D800A255BA /* EmiliaRomagna.swift in Sources */ = {isa = PBXBuildFile; fileRef = 4BF7E102262C83D800A255BA /* EmiliaRomagna.swift */; };
		4BF7E107262C83FA00A255BA /* EmiliaRomagnaTests.swift in Sources */ = {isa = PBXBuildFile; fileRef = 4BF7E106262C83FA00A255BA /* EmiliaRomagnaTests.swift */; };
		4BF7E111262C940600A255BA /* TrackSelectorView.swift in Sources */ = {isa = PBXBuildFile; fileRef = 4BF7E110262C940600A255BA /* TrackSelectorView.swift */; };
		4BF7E115262C972900A255BA /* RaceScore.swift in Sources */ = {isa = PBXBuildFile; fileRef = 4BF7E114262C972900A255BA /* RaceScore.swift */; };
		4BF7E119262C975800A255BA /* SeasonScore.swift in Sources */ = {isa = PBXBuildFile; fileRef = 4BF7E118262C975800A255BA /* SeasonScore.swift */; };
		4BF7E129262CF50500A255BA /* ListSelectorView.swift in Sources */ = {isa = PBXBuildFile; fileRef = 4BF7E128262CF50500A255BA /* ListSelectorView.swift */; };
		4BF7E12D262CF62500A255BA /* ScorableView.swift in Sources */ = {isa = PBXBuildFile; fileRef = 4BF7E12C262CF62500A255BA /* ScorableView.swift */; };
/* End PBXBuildFile section */

/* Begin PBXContainerItemProxy section */
		4BE31B5426149BD100B664BC /* PBXContainerItemProxy */ = {
			isa = PBXContainerItemProxy;
			containerPortal = 4BE31B082613D58000B664BC /* Project object */;
			proxyType = 1;
			remoteGlobalIDString = 4BE31B0F2613D58000B664BC;
			remoteInfo = FantasyGPSimulatorV2;
		};
/* End PBXContainerItemProxy section */

/* Begin PBXFileReference section */
		4BB91FEC262DE67700D05861 /* RaceInfo.swift */ = {isa = PBXFileReference; lastKnownFileType = sourcecode.swift; path = RaceInfo.swift; sourceTree = "<group>"; };
		4BB91FF2262DE6B300D05861 /* RaceResult.swift */ = {isa = PBXFileReference; lastKnownFileType = sourcecode.swift; path = RaceResult.swift; sourceTree = "<group>"; };
		4BD78243262CF8F5005BAE17 /* ScorableCell.swift */ = {isa = PBXFileReference; lastKnownFileType = sourcecode.swift; path = ScorableCell.swift; sourceTree = "<group>"; };
		4BD78247262DA89A005BAE17 /* TeamListView.swift */ = {isa = PBXFileReference; lastKnownFileType = sourcecode.swift; path = TeamListView.swift; sourceTree = "<group>"; };
		4BD7824D262DBC39005BAE17 /* Entry.swift */ = {isa = PBXFileReference; lastKnownFileType = sourcecode.swift; path = Entry.swift; sourceTree = "<group>"; };
		4BE31B102613D58000B664BC /* FantasyGPSimulatorV2.app */ = {isa = PBXFileReference; explicitFileType = wrapper.application; includeInIndex = 0; path = FantasyGPSimulatorV2.app; sourceTree = BUILT_PRODUCTS_DIR; };
		4BE31B132613D58000B664BC /* FantasyGPSimulatorV2App.swift */ = {isa = PBXFileReference; lastKnownFileType = sourcecode.swift; path = FantasyGPSimulatorV2App.swift; sourceTree = "<group>"; };
		4BE31B152613D58000B664BC /* ContentView.swift */ = {isa = PBXFileReference; lastKnownFileType = sourcecode.swift; path = ContentView.swift; sourceTree = "<group>"; };
		4BE31B172613D58200B664BC /* Assets.xcassets */ = {isa = PBXFileReference; lastKnownFileType = folder.assetcatalog; path = Assets.xcassets; sourceTree = "<group>"; };
		4BE31B1A2613D58200B664BC /* Preview Assets.xcassets */ = {isa = PBXFileReference; lastKnownFileType = folder.assetcatalog; path = "Preview Assets.xcassets"; sourceTree = "<group>"; };
		4BE31B1C2613D58200B664BC /* Info.plist */ = {isa = PBXFileReference; lastKnownFileType = text.plist.xml; path = Info.plist; sourceTree = "<group>"; };
		4BE31B242613D6A100B664BC /* Driver.swift */ = {isa = PBXFileReference; lastKnownFileType = sourcecode.swift; path = Driver.swift; sourceTree = "<group>"; };
		4BE31B2D2613DA6F00B664BC /* Race.swift */ = {isa = PBXFileReference; lastKnownFileType = sourcecode.swift; path = Race.swift; sourceTree = "<group>"; };
		4BE31B302613DB1700B664BC /* Constructor.swift */ = {isa = PBXFileReference; lastKnownFileType = sourcecode.swift; path = Constructor.swift; sourceTree = "<group>"; };
		4BE31B332613DDA700B664BC /* Bahrain.swift */ = {isa = PBXFileReference; lastKnownFileType = sourcecode.swift; path = Bahrain.swift; sourceTree = "<group>"; };
		4BE31B382613E4CC00B664BC /* Score.swift */ = {isa = PBXFileReference; lastKnownFileType = sourcecode.swift; path = Score.swift; sourceTree = "<group>"; };
		4BE31B442613EBBF00B664BC /* Displayable.swift */ = {isa = PBXFileReference; lastKnownFileType = sourcecode.swift; path = Displayable.swift; sourceTree = "<group>"; };
		4BE31B4F26149BD100B664BC /* FantasyGPSimulatorV2Tests.xctest */ = {isa = PBXFileReference; explicitFileType = wrapper.cfbundle; includeInIndex = 0; path = FantasyGPSimulatorV2Tests.xctest; sourceTree = BUILT_PRODUCTS_DIR; };
		4BE31B5126149BD100B664BC /* FantasyGPSimulatorV2Tests.swift */ = {isa = PBXFileReference; lastKnownFileType = sourcecode.swift; path = FantasyGPSimulatorV2Tests.swift; sourceTree = "<group>"; };
		4BE31B5326149BD100B664BC /* Info.plist */ = {isa = PBXFileReference; lastKnownFileType = text.plist.xml; path = Info.plist; sourceTree = "<group>"; };
		4BE31B5B26149BF300B664BC /* BahrainTests.swift */ = {isa = PBXFileReference; lastKnownFileType = sourcecode.swift; path = BahrainTests.swift; sourceTree = "<group>"; };
		4BE31B602614A73900B664BC /* Team.swift */ = {isa = PBXFileReference; lastKnownFileType = sourcecode.swift; path = Team.swift; sourceTree = "<group>"; };
		4BE31B652614A94500B664BC /* UniquePermutations.swift */ = {isa = PBXFileReference; lastKnownFileType = sourcecode.swift; path = UniquePermutations.swift; sourceTree = "<group>"; };
		4BE31B692614A97600B664BC /* TeamFactory.swift */ = {isa = PBXFileReference; lastKnownFileType = sourcecode.swift; path = TeamFactory.swift; sourceTree = "<group>"; };
		4BF7E102262C83D800A255BA /* EmiliaRomagna.swift */ = {isa = PBXFileReference; lastKnownFileType = sourcecode.swift; path = EmiliaRomagna.swift; sourceTree = "<group>"; };
		4BF7E106262C83FA00A255BA /* EmiliaRomagnaTests.swift */ = {isa = PBXFileReference; lastKnownFileType = sourcecode.swift; path = EmiliaRomagnaTests.swift; sourceTree = "<group>"; };
		4BF7E110262C940600A255BA /* TrackSelectorView.swift */ = {isa = PBXFileReference; lastKnownFileType = sourcecode.swift; path = TrackSelectorView.swift; sourceTree = "<group>"; };
		4BF7E114262C972900A255BA /* RaceScore.swift */ = {isa = PBXFileReference; lastKnownFileType = sourcecode.swift; path = RaceScore.swift; sourceTree = "<group>"; };
		4BF7E118262C975800A255BA /* SeasonScore.swift */ = {isa = PBXFileReference; lastKnownFileType = sourcecode.swift; path = SeasonScore.swift; sourceTree = "<group>"; };
		4BF7E128262CF50500A255BA /* ListSelectorView.swift */ = {isa = PBXFileReference; lastKnownFileType = sourcecode.swift; path = ListSelectorView.swift; sourceTree = "<group>"; };
		4BF7E12C262CF62500A255BA /* ScorableView.swift */ = {isa = PBXFileReference; lastKnownFileType = sourcecode.swift; path = ScorableView.swift; sourceTree = "<group>"; };
/* End PBXFileReference section */

/* Begin PBXFrameworksBuildPhase section */
		4BE31B0D2613D58000B664BC /* Frameworks */ = {
			isa = PBXFrameworksBuildPhase;
			buildActionMask = 2147483647;
			files = (
			);
			runOnlyForDeploymentPostprocessing = 0;
		};
		4BE31B4C26149BD100B664BC /* Frameworks */ = {
			isa = PBXFrameworksBuildPhase;
			buildActionMask = 2147483647;
			files = (
			);
			runOnlyForDeploymentPostprocessing = 0;
		};
/* End PBXFrameworksBuildPhase section */

/* Begin PBXGroup section */
		4BD78251262DBCB3005BAE17 /* Entry */ = {
			isa = PBXGroup;
			children = (
				4BD7824D262DBC39005BAE17 /* Entry.swift */,
			);
			path = Entry;
			sourceTree = "<group>";
		};
		4BE31B072613D58000B664BC = {
			isa = PBXGroup;
			children = (
				4BE31B122613D58000B664BC /* FantasyGPSimulatorV2 */,
				4BE31B5026149BD100B664BC /* FantasyGPSimulatorV2Tests */,
				4BE31B112613D58000B664BC /* Products */,
			);
			sourceTree = "<group>";
		};
		4BE31B112613D58000B664BC /* Products */ = {
			isa = PBXGroup;
			children = (
				4BE31B102613D58000B664BC /* FantasyGPSimulatorV2.app */,
				4BE31B4F26149BD100B664BC /* FantasyGPSimulatorV2Tests.xctest */,
			);
			name = Products;
			sourceTree = "<group>";
		};
		4BE31B122613D58000B664BC /* FantasyGPSimulatorV2 */ = {
			isa = PBXGroup;
			children = (
				4BE31B272613D73900B664BC /* Views */,
				4BE31B232613D69300B664BC /* Models */,
				4BE31B132613D58000B664BC /* FantasyGPSimulatorV2App.swift */,
				4BE31B152613D58000B664BC /* ContentView.swift */,
				4BE31B172613D58200B664BC /* Assets.xcassets */,
				4BE31B1C2613D58200B664BC /* Info.plist */,
				4BE31B192613D58200B664BC /* Preview Content */,
			);
			path = FantasyGPSimulatorV2;
			sourceTree = "<group>";
		};
		4BE31B192613D58200B664BC /* Preview Content */ = {
			isa = PBXGroup;
			children = (
				4BE31B1A2613D58200B664BC /* Preview Assets.xcassets */,
			);
			path = "Preview Content";
			sourceTree = "<group>";
		};
		4BE31B232613D69300B664BC /* Models */ = {
			isa = PBXGroup;
			children = (
				4BE31B5F2614A72A00B664BC /* Teams */,
				4BE31B432613EBB600B664BC /* Extensions */,
				4BE31B372613E4B100B664BC /* Scoring */,
				4BE31B2C2613DA6500B664BC /* Races */,
				4BE31B242613D6A100B664BC /* Driver.swift */,
				4BE31B302613DB1700B664BC /* Constructor.swift */,
			);
			path = Models;
			sourceTree = "<group>";
		};
		4BE31B272613D73900B664BC /* Views */ = {
			isa = PBXGroup;
			children = (
				4BD78251262DBCB3005BAE17 /* Entry */,
				4BF7E130262CF82E00A255BA /* ScorableView */,
				4BF7E110262C940600A255BA /* TrackSelectorView.swift */,
				4BF7E128262CF50500A255BA /* ListSelectorView.swift */,
				4BD78247262DA89A005BAE17 /* TeamListView.swift */,
			);
			path = Views;
			sourceTree = "<group>";
		};
		4BE31B2C2613DA6500B664BC /* Races */ = {
			isa = PBXGroup;
			children = (
				4BE31B332613DDA700B664BC /* Bahrain.swift */,
				4BF7E102262C83D800A255BA /* EmiliaRomagna.swift */,
				4BE31B2D2613DA6F00B664BC /* Race.swift */,
				4BB91FEC262DE67700D05861 /* RaceInfo.swift */,
				4BB91FF2262DE6B300D05861 /* RaceResult.swift */,
			);
			path = Races;
			sourceTree = "<group>";
		};
		4BE31B372613E4B100B664BC /* Scoring */ = {
			isa = PBXGroup;
			children = (
				4BE31B382613E4CC00B664BC /* Score.swift */,
				4BF7E114262C972900A255BA /* RaceScore.swift */,
				4BF7E118262C975800A255BA /* SeasonScore.swift */,
			);
			path = Scoring;
			sourceTree = "<group>";
		};
		4BE31B432613EBB600B664BC /* Extensions */ = {
			isa = PBXGroup;
			children = (
				4BE31B442613EBBF00B664BC /* Displayable.swift */,
				4BE31B652614A94500B664BC /* UniquePermutations.swift */,
			);
			path = Extensions;
			sourceTree = "<group>";
		};
		4BE31B5026149BD100B664BC /* FantasyGPSimulatorV2Tests */ = {
			isa = PBXGroup;
			children = (
				4BE31B5126149BD100B664BC /* FantasyGPSimulatorV2Tests.swift */,
				4BE31B5326149BD100B664BC /* Info.plist */,
				4BE31B5B26149BF300B664BC /* BahrainTests.swift */,
				4BF7E106262C83FA00A255BA /* EmiliaRomagnaTests.swift */,
			);
			path = FantasyGPSimulatorV2Tests;
			sourceTree = "<group>";
		};
		4BE31B5F2614A72A00B664BC /* Teams */ = {
			isa = PBXGroup;
			children = (
				4BE31B602614A73900B664BC /* Team.swift */,
				4BE31B692614A97600B664BC /* TeamFactory.swift */,
			);
			path = Teams;
			sourceTree = "<group>";
		};
		4BF7E130262CF82E00A255BA /* ScorableView */ = {
			isa = PBXGroup;
			children = (
				4BF7E12C262CF62500A255BA /* ScorableView.swift */,
				4BD78243262CF8F5005BAE17 /* ScorableCell.swift */,
			);
			path = ScorableView;
			sourceTree = "<group>";
		};
/* End PBXGroup section */

/* Begin PBXNativeTarget section */
		4BE31B0F2613D58000B664BC /* FantasyGPSimulatorV2 */ = {
			isa = PBXNativeTarget;
			buildConfigurationList = 4BE31B1F2613D58200B664BC /* Build configuration list for PBXNativeTarget "FantasyGPSimulatorV2" */;
			buildPhases = (
				4BE31B0C2613D58000B664BC /* Sources */,
				4BE31B0D2613D58000B664BC /* Frameworks */,
				4BE31B0E2613D58000B664BC /* Resources */,
			);
			buildRules = (
			);
			dependencies = (
			);
			name = FantasyGPSimulatorV2;
			productName = FantasyGPSimulatorV2;
			productReference = 4BE31B102613D58000B664BC /* FantasyGPSimulatorV2.app */;
			productType = "com.apple.product-type.application";
		};
		4BE31B4E26149BD100B664BC /* FantasyGPSimulatorV2Tests */ = {
			isa = PBXNativeTarget;
			buildConfigurationList = 4BE31B5826149BD100B664BC /* Build configuration list for PBXNativeTarget "FantasyGPSimulatorV2Tests" */;
			buildPhases = (
				4BE31B4B26149BD100B664BC /* Sources */,
				4BE31B4C26149BD100B664BC /* Frameworks */,
				4BE31B4D26149BD100B664BC /* Resources */,
			);
			buildRules = (
			);
			dependencies = (
				4BE31B5526149BD100B664BC /* PBXTargetDependency */,
			);
			name = FantasyGPSimulatorV2Tests;
			productName = FantasyGPSimulatorV2Tests;
			productReference = 4BE31B4F26149BD100B664BC /* FantasyGPSimulatorV2Tests.xctest */;
			productType = "com.apple.product-type.bundle.unit-test";
		};
/* End PBXNativeTarget section */

/* Begin PBXProject section */
		4BE31B082613D58000B664BC /* Project object */ = {
			isa = PBXProject;
			attributes = {
				LastSwiftUpdateCheck = 1240;
				LastUpgradeCheck = 1240;
				TargetAttributes = {
					4BE31B0F2613D58000B664BC = {
						CreatedOnToolsVersion = 12.4;
					};
					4BE31B4E26149BD100B664BC = {
						CreatedOnToolsVersion = 12.4;
						TestTargetID = 4BE31B0F2613D58000B664BC;
					};
				};
			};
			buildConfigurationList = 4BE31B0B2613D58000B664BC /* Build configuration list for PBXProject "FantasyGPSimulatorV2" */;
			compatibilityVersion = "Xcode 9.3";
			developmentRegion = en;
			hasScannedForEncodings = 0;
			knownRegions = (
				en,
				Base,
			);
			mainGroup = 4BE31B072613D58000B664BC;
			productRefGroup = 4BE31B112613D58000B664BC /* Products */;
			projectDirPath = "";
			projectRoot = "";
			targets = (
				4BE31B0F2613D58000B664BC /* FantasyGPSimulatorV2 */,
				4BE31B4E26149BD100B664BC /* FantasyGPSimulatorV2Tests */,
			);
		};
/* End PBXProject section */

/* Begin PBXResourcesBuildPhase section */
		4BE31B0E2613D58000B664BC /* Resources */ = {
			isa = PBXResourcesBuildPhase;
			buildActionMask = 2147483647;
			files = (
				4BE31B1B2613D58200B664BC /* Preview Assets.xcassets in Resources */,
				4BE31B182613D58200B664BC /* Assets.xcassets in Resources */,
			);
			runOnlyForDeploymentPostprocessing = 0;
		};
		4BE31B4D26149BD100B664BC /* Resources */ = {
			isa = PBXResourcesBuildPhase;
			buildActionMask = 2147483647;
			files = (
			);
			runOnlyForDeploymentPostprocessing = 0;
		};
/* End PBXResourcesBuildPhase section */

/* Begin PBXSourcesBuildPhase section */
		4BE31B0C2613D58000B664BC /* Sources */ = {
			isa = PBXSourcesBuildPhase;
			buildActionMask = 2147483647;
			files = (
				4BD7824E262DBC39005BAE17 /* Entry.swift in Sources */,
				4BD78244262CF8F5005BAE17 /* ScorableCell.swift in Sources */,
				4BB91FED262DE67700D05861 /* RaceInfo.swift in Sources */,
				4BF7E129262CF50500A255BA /* ListSelectorView.swift in Sources */,
				4BE31B612614A73900B664BC /* Team.swift in Sources */,
				4BE31B252613D6A100B664BC /* Driver.swift in Sources */,
				4BF7E115262C972900A255BA /* RaceScore.swift in Sources */,
				4BE31B662614A94500B664BC /* UniquePermutations.swift in Sources */,
				4BF7E111262C940600A255BA /* TrackSelectorView.swift in Sources */,
				4BD78248262DA89A005BAE17 /* TeamListView.swift in Sources */,
				4BE31B162613D58000B664BC /* ContentView.swift in Sources */,
				4BB91FF3262DE6B300D05861 /* RaceResult.swift in Sources */,
				4BE31B392613E4CC00B664BC /* Score.swift in Sources */,
				4BE31B312613DB1700B664BC /* Constructor.swift in Sources */,
				4BE31B6A2614A97600B664BC /* TeamFactory.swift in Sources */,
				4BE31B142613D58000B664BC /* FantasyGPSimulatorV2App.swift in Sources */,
				4BE31B342613DDA700B664BC /* Bahrain.swift in Sources */,
				4BF7E103262C83D800A255BA /* EmiliaRomagna.swift in Sources */,
				4BE31B452613EBBF00B664BC /* Displayable.swift in Sources */,
				4BF7E12D262CF62500A255BA /* ScorableView.swift in Sources */,
				4BE31B2E2613DA6F00B664BC /* Race.swift in Sources */,
				4BF7E119262C975800A255BA /* SeasonScore.swift in Sources */,
			);
			runOnlyForDeploymentPostprocessing = 0;
		};
		4BE31B4B26149BD100B664BC /* Sources */ = {
			isa = PBXSourcesBuildPhase;
			buildActionMask = 2147483647;
			files = (
				4BF7E107262C83FA00A255BA /* EmiliaRomagnaTests.swift in Sources */,
				4BE31B5226149BD100B664BC /* FantasyGPSimulatorV2Tests.swift in Sources */,
				4BE31B5C26149BF300B664BC /* BahrainTests.swift in Sources */,
			);
			runOnlyForDeploymentPostprocessing = 0;
		};
/* End PBXSourcesBuildPhase section */

/* Begin PBXTargetDependency section */
		4BE31B5526149BD100B664BC /* PBXTargetDependency */ = {
			isa = PBXTargetDependency;
			target = 4BE31B0F2613D58000B664BC /* FantasyGPSimulatorV2 */;
			targetProxy = 4BE31B5426149BD100B664BC /* PBXContainerItemProxy */;
		};
/* End PBXTargetDependency section */

/* Begin XCBuildConfiguration section */
		4BE31B1D2613D58200B664BC /* Debug */ = {
			isa = XCBuildConfiguration;
			buildSettings = {
				ALWAYS_SEARCH_USER_PATHS = NO;
				CLANG_ANALYZER_NONNULL = YES;
				CLANG_ANALYZER_NUMBER_OBJECT_CONVERSION = YES_AGGRESSIVE;
				CLANG_CXX_LANGUAGE_STANDARD = "gnu++14";
				CLANG_CXX_LIBRARY = "libc++";
				CLANG_ENABLE_MODULES = YES;
				CLANG_ENABLE_OBJC_ARC = YES;
				CLANG_ENABLE_OBJC_WEAK = YES;
				CLANG_WARN_BLOCK_CAPTURE_AUTORELEASING = YES;
				CLANG_WARN_BOOL_CONVERSION = YES;
				CLANG_WARN_COMMA = YES;
				CLANG_WARN_CONSTANT_CONVERSION = YES;
				CLANG_WARN_DEPRECATED_OBJC_IMPLEMENTATIONS = YES;
				CLANG_WARN_DIRECT_OBJC_ISA_USAGE = YES_ERROR;
				CLANG_WARN_DOCUMENTATION_COMMENTS = YES;
				CLANG_WARN_EMPTY_BODY = YES;
				CLANG_WARN_ENUM_CONVERSION = YES;
				CLANG_WARN_INFINITE_RECURSION = YES;
				CLANG_WARN_INT_CONVERSION = YES;
				CLANG_WARN_NON_LITERAL_NULL_CONVERSION = YES;
				CLANG_WARN_OBJC_IMPLICIT_RETAIN_SELF = YES;
				CLANG_WARN_OBJC_LITERAL_CONVERSION = YES;
				CLANG_WARN_OBJC_ROOT_CLASS = YES_ERROR;
				CLANG_WARN_QUOTED_INCLUDE_IN_FRAMEWORK_HEADER = YES;
				CLANG_WARN_RANGE_LOOP_ANALYSIS = YES;
				CLANG_WARN_STRICT_PROTOTYPES = YES;
				CLANG_WARN_SUSPICIOUS_MOVE = YES;
				CLANG_WARN_UNGUARDED_AVAILABILITY = YES_AGGRESSIVE;
				CLANG_WARN_UNREACHABLE_CODE = YES;
				CLANG_WARN__DUPLICATE_METHOD_MATCH = YES;
				COPY_PHASE_STRIP = NO;
				DEBUG_INFORMATION_FORMAT = dwarf;
				ENABLE_STRICT_OBJC_MSGSEND = YES;
				ENABLE_TESTABILITY = YES;
				GCC_C_LANGUAGE_STANDARD = gnu11;
				GCC_DYNAMIC_NO_PIC = NO;
				GCC_NO_COMMON_BLOCKS = YES;
				GCC_OPTIMIZATION_LEVEL = 0;
				GCC_PREPROCESSOR_DEFINITIONS = (
					"DEBUG=1",
					"$(inherited)",
				);
				GCC_WARN_64_TO_32_BIT_CONVERSION = YES;
				GCC_WARN_ABOUT_RETURN_TYPE = YES_ERROR;
				GCC_WARN_UNDECLARED_SELECTOR = YES;
				GCC_WARN_UNINITIALIZED_AUTOS = YES_AGGRESSIVE;
				GCC_WARN_UNUSED_FUNCTION = YES;
				GCC_WARN_UNUSED_VARIABLE = YES;
				IPHONEOS_DEPLOYMENT_TARGET = 14.4;
				MTL_ENABLE_DEBUG_INFO = INCLUDE_SOURCE;
				MTL_FAST_MATH = YES;
				ONLY_ACTIVE_ARCH = YES;
				SDKROOT = iphoneos;
				SWIFT_ACTIVE_COMPILATION_CONDITIONS = DEBUG;
				SWIFT_OPTIMIZATION_LEVEL = "-Onone";
			};
			name = Debug;
		};
		4BE31B1E2613D58200B664BC /* Release */ = {
			isa = XCBuildConfiguration;
			buildSettings = {
				ALWAYS_SEARCH_USER_PATHS = NO;
				CLANG_ANALYZER_NONNULL = YES;
				CLANG_ANALYZER_NUMBER_OBJECT_CONVERSION = YES_AGGRESSIVE;
				CLANG_CXX_LANGUAGE_STANDARD = "gnu++14";
				CLANG_CXX_LIBRARY = "libc++";
				CLANG_ENABLE_MODULES = YES;
				CLANG_ENABLE_OBJC_ARC = YES;
				CLANG_ENABLE_OBJC_WEAK = YES;
				CLANG_WARN_BLOCK_CAPTURE_AUTORELEASING = YES;
				CLANG_WARN_BOOL_CONVERSION = YES;
				CLANG_WARN_COMMA = YES;
				CLANG_WARN_CONSTANT_CONVERSION = YES;
				CLANG_WARN_DEPRECATED_OBJC_IMPLEMENTATIONS = YES;
				CLANG_WARN_DIRECT_OBJC_ISA_USAGE = YES_ERROR;
				CLANG_WARN_DOCUMENTATION_COMMENTS = YES;
				CLANG_WARN_EMPTY_BODY = YES;
				CLANG_WARN_ENUM_CONVERSION = YES;
				CLANG_WARN_INFINITE_RECURSION = YES;
				CLANG_WARN_INT_CONVERSION = YES;
				CLANG_WARN_NON_LITERAL_NULL_CONVERSION = YES;
				CLANG_WARN_OBJC_IMPLICIT_RETAIN_SELF = YES;
				CLANG_WARN_OBJC_LITERAL_CONVERSION = YES;
				CLANG_WARN_OBJC_ROOT_CLASS = YES_ERROR;
				CLANG_WARN_QUOTED_INCLUDE_IN_FRAMEWORK_HEADER = YES;
				CLANG_WARN_RANGE_LOOP_ANALYSIS = YES;
				CLANG_WARN_STRICT_PROTOTYPES = YES;
				CLANG_WARN_SUSPICIOUS_MOVE = YES;
				CLANG_WARN_UNGUARDED_AVAILABILITY = YES_AGGRESSIVE;
				CLANG_WARN_UNREACHABLE_CODE = YES;
				CLANG_WARN__DUPLICATE_METHOD_MATCH = YES;
				COPY_PHASE_STRIP = NO;
				DEBUG_INFORMATION_FORMAT = "dwarf-with-dsym";
				ENABLE_NS_ASSERTIONS = NO;
				ENABLE_STRICT_OBJC_MSGSEND = YES;
				GCC_C_LANGUAGE_STANDARD = gnu11;
				GCC_NO_COMMON_BLOCKS = YES;
				GCC_WARN_64_TO_32_BIT_CONVERSION = YES;
				GCC_WARN_ABOUT_RETURN_TYPE = YES_ERROR;
				GCC_WARN_UNDECLARED_SELECTOR = YES;
				GCC_WARN_UNINITIALIZED_AUTOS = YES_AGGRESSIVE;
				GCC_WARN_UNUSED_FUNCTION = YES;
				GCC_WARN_UNUSED_VARIABLE = YES;
				IPHONEOS_DEPLOYMENT_TARGET = 14.4;
				MTL_ENABLE_DEBUG_INFO = NO;
				MTL_FAST_MATH = YES;
				SDKROOT = iphoneos;
				SWIFT_COMPILATION_MODE = wholemodule;
				SWIFT_OPTIMIZATION_LEVEL = "-O";
				VALIDATE_PRODUCT = YES;
			};
			name = Release;
		};
		4BE31B202613D58200B664BC /* Debug */ = {
			isa = XCBuildConfiguration;
			buildSettings = {
				ASSETCATALOG_COMPILER_APPICON_NAME = AppIcon;
				ASSETCATALOG_COMPILER_GLOBAL_ACCENT_COLOR_NAME = AccentColor;
				CODE_SIGN_STYLE = Automatic;
				DEVELOPMENT_ASSET_PATHS = "\"FantasyGPSimulatorV2/Preview Content\"";
				DEVELOPMENT_TEAM = LH8455G983;
				ENABLE_PREVIEWS = YES;
				INFOPLIST_FILE = FantasyGPSimulatorV2/Info.plist;
				IPHONEOS_DEPLOYMENT_TARGET = 14.0;
				LD_RUNPATH_SEARCH_PATHS = (
					"$(inherited)",
					"@executable_path/Frameworks",
				);
				PRODUCT_BUNDLE_IDENTIFIER = com.christopherfonseka.FantasyGPSimulatorV2;
				PRODUCT_NAME = "$(TARGET_NAME)";
				SWIFT_VERSION = 5.0;
				TARGETED_DEVICE_FAMILY = "1,2";
			};
			name = Debug;
		};
		4BE31B212613D58200B664BC /* Release */ = {
			isa = XCBuildConfiguration;
			buildSettings = {
				ASSETCATALOG_COMPILER_APPICON_NAME = AppIcon;
				ASSETCATALOG_COMPILER_GLOBAL_ACCENT_COLOR_NAME = AccentColor;
				CODE_SIGN_STYLE = Automatic;
				DEVELOPMENT_ASSET_PATHS = "\"FantasyGPSimulatorV2/Preview Content\"";
				DEVELOPMENT_TEAM = LH8455G983;
				ENABLE_PREVIEWS = YES;
				INFOPLIST_FILE = FantasyGPSimulatorV2/Info.plist;
				IPHONEOS_DEPLOYMENT_TARGET = 14.0;
				LD_RUNPATH_SEARCH_PATHS = (
					"$(inherited)",
					"@executable_path/Frameworks",
				);
				PRODUCT_BUNDLE_IDENTIFIER = com.christopherfonseka.FantasyGPSimulatorV2;
				PRODUCT_NAME = "$(TARGET_NAME)";
				SWIFT_VERSION = 5.0;
				TARGETED_DEVICE_FAMILY = "1,2";
			};
			name = Release;
		};
		4BE31B5626149BD100B664BC /* Debug */ = {
			isa = XCBuildConfiguration;
			buildSettings = {
				BUNDLE_LOADER = "$(TEST_HOST)";
				CODE_SIGN_STYLE = Automatic;
				DEVELOPMENT_TEAM = LH8455G983;
				INFOPLIST_FILE = FantasyGPSimulatorV2Tests/Info.plist;
				LD_RUNPATH_SEARCH_PATHS = (
					"$(inherited)",
					"@executable_path/Frameworks",
					"@loader_path/Frameworks",
				);
				PRODUCT_BUNDLE_IDENTIFIER = com.christopherfonseka.FantasyGPSimulatorV2Tests;
				PRODUCT_NAME = "$(TARGET_NAME)";
				SWIFT_VERSION = 5.0;
				TARGETED_DEVICE_FAMILY = "1,2";
				TEST_HOST = "$(BUILT_PRODUCTS_DIR)/FantasyGPSimulatorV2.app/FantasyGPSimulatorV2";
			};
			name = Debug;
		};
		4BE31B5726149BD100B664BC /* Release */ = {
			isa = XCBuildConfiguration;
			buildSettings = {
				BUNDLE_LOADER = "$(TEST_HOST)";
				CODE_SIGN_STYLE = Automatic;
				DEVELOPMENT_TEAM = LH8455G983;
				INFOPLIST_FILE = FantasyGPSimulatorV2Tests/Info.plist;
				LD_RUNPATH_SEARCH_PATHS = (
					"$(inherited)",
					"@executable_path/Frameworks",
					"@loader_path/Frameworks",
				);
				PRODUCT_BUNDLE_IDENTIFIER = com.christopherfonseka.FantasyGPSimulatorV2Tests;
				PRODUCT_NAME = "$(TARGET_NAME)";
				SWIFT_VERSION = 5.0;
				TARGETED_DEVICE_FAMILY = "1,2";
				TEST_HOST = "$(BUILT_PRODUCTS_DIR)/FantasyGPSimulatorV2.app/FantasyGPSimulatorV2";
			};
			name = Release;
		};
/* End XCBuildConfiguration section */

/* Begin XCConfigurationList section */
		4BE31B0B2613D58000B664BC /* Build configuration list for PBXProject "FantasyGPSimulatorV2" */ = {
			isa = XCConfigurationList;
			buildConfigurations = (
				4BE31B1D2613D58200B664BC /* Debug */,
				4BE31B1E2613D58200B664BC /* Release */,
			);
			defaultConfigurationIsVisible = 0;
			defaultConfigurationName = Release;
		};
		4BE31B1F2613D58200B664BC /* Build configuration list for PBXNativeTarget "FantasyGPSimulatorV2" */ = {
			isa = XCConfigurationList;
			buildConfigurations = (
				4BE31B202613D58200B664BC /* Debug */,
				4BE31B212613D58200B664BC /* Release */,
			);
			defaultConfigurationIsVisible = 0;
			defaultConfigurationName = Release;
		};
		4BE31B5826149BD100B664BC /* Build configuration list for PBXNativeTarget "FantasyGPSimulatorV2Tests" */ = {
			isa = XCConfigurationList;
			buildConfigurations = (
				4BE31B5626149BD100B664BC /* Debug */,
				4BE31B5726149BD100B664BC /* Release */,
			);
			defaultConfigurationIsVisible = 0;
			defaultConfigurationName = Release;
		};
/* End XCConfigurationList section */
	};
	rootObject = 4BE31B082613D58000B664BC /* Project object */;
}
