// !$*UTF8*$!
{
	archiveVersion = 1;
	classes = {
	};
	objectVersion = 48;
	objects = {

/* Begin PBXBuildFile section */
		4B1AB011205DA8F300E50C37 /* AppDelegate.swift in Sources */ = {isa = PBXBuildFile; fileRef = 4B1AB010205DA8F300E50C37 /* AppDelegate.swift */; };
		4B1AB013205DA8F300E50C37 /* ViewController.swift in Sources */ = {isa = PBXBuildFile; fileRef = 4B1AB012205DA8F300E50C37 /* ViewController.swift */; };
		4B1AB016205DA8F300E50C37 /* Main.storyboard in Resources */ = {isa = PBXBuildFile; fileRef = 4B1AB014205DA8F300E50C37 /* Main.storyboard */; };
		4B1AB018205DA8F300E50C37 /* Assets.xcassets in Resources */ = {isa = PBXBuildFile; fileRef = 4B1AB017205DA8F300E50C37 /* Assets.xcassets */; };
		4B1AB01B205DA8F300E50C37 /* LaunchScreen.storyboard in Resources */ = {isa = PBXBuildFile; fileRef = 4B1AB019205DA8F300E50C37 /* LaunchScreen.storyboard */; };
		4B1AB026205DA8F300E50C37 /* FantasyGPSimulatorTests.swift in Sources */ = {isa = PBXBuildFile; fileRef = 4B1AB025205DA8F300E50C37 /* FantasyGPSimulatorTests.swift */; };
		4B1AB032205DAAB600E50C37 /* Driver.swift in Sources */ = {isa = PBXBuildFile; fileRef = 4B1AB031205DAAB600E50C37 /* Driver.swift */; };
		4B1AB034205DAAEC00E50C37 /* Constructor.swift in Sources */ = {isa = PBXBuildFile; fileRef = 4B1AB033205DAAEC00E50C37 /* Constructor.swift */; };
		4B1AB037205DAB2200E50C37 /* Race.swift in Sources */ = {isa = PBXBuildFile; fileRef = 4B1AB036205DAB2200E50C37 /* Race.swift */; };
		4B1AB039205DABD100E50C37 /* Team.swift in Sources */ = {isa = PBXBuildFile; fileRef = 4B1AB038205DABD100E50C37 /* Team.swift */; };
/* End PBXBuildFile section */

/* Begin PBXContainerItemProxy section */
		4B1AB022205DA8F300E50C37 /* PBXContainerItemProxy */ = {
			isa = PBXContainerItemProxy;
			containerPortal = 4B1AB005205DA8F300E50C37 /* Project object */;
			proxyType = 1;
			remoteGlobalIDString = 4B1AB00C205DA8F300E50C37;
			remoteInfo = FantasyGPSimulator;
		};
/* End PBXContainerItemProxy section */

/* Begin PBXFileReference section */
		4B1AB00D205DA8F300E50C37 /* FantasyGPSimulator.app */ = {isa = PBXFileReference; explicitFileType = wrapper.application; includeInIndex = 0; path = FantasyGPSimulator.app; sourceTree = BUILT_PRODUCTS_DIR; };
		4B1AB010205DA8F300E50C37 /* AppDelegate.swift */ = {isa = PBXFileReference; lastKnownFileType = sourcecode.swift; path = AppDelegate.swift; sourceTree = "<group>"; };
		4B1AB012205DA8F300E50C37 /* ViewController.swift */ = {isa = PBXFileReference; lastKnownFileType = sourcecode.swift; path = ViewController.swift; sourceTree = "<group>"; };
		4B1AB015205DA8F300E50C37 /* Base */ = {isa = PBXFileReference; lastKnownFileType = file.storyboard; name = Base; path = Base.lproj/Main.storyboard; sourceTree = "<group>"; };
		4B1AB017205DA8F300E50C37 /* Assets.xcassets */ = {isa = PBXFileReference; lastKnownFileType = folder.assetcatalog; path = Assets.xcassets; sourceTree = "<group>"; };
		4B1AB01A205DA8F300E50C37 /* Base */ = {isa = PBXFileReference; lastKnownFileType = file.storyboard; name = Base; path = Base.lproj/LaunchScreen.storyboard; sourceTree = "<group>"; };
		4B1AB01C205DA8F300E50C37 /* Info.plist */ = {isa = PBXFileReference; lastKnownFileType = text.plist.xml; path = Info.plist; sourceTree = "<group>"; };
		4B1AB021205DA8F300E50C37 /* FantasyGPSimulatorTests.xctest */ = {isa = PBXFileReference; explicitFileType = wrapper.cfbundle; includeInIndex = 0; path = FantasyGPSimulatorTests.xctest; sourceTree = BUILT_PRODUCTS_DIR; };
		4B1AB025205DA8F300E50C37 /* FantasyGPSimulatorTests.swift */ = {isa = PBXFileReference; lastKnownFileType = sourcecode.swift; path = FantasyGPSimulatorTests.swift; sourceTree = "<group>"; };
		4B1AB027205DA8F300E50C37 /* Info.plist */ = {isa = PBXFileReference; lastKnownFileType = text.plist.xml; path = Info.plist; sourceTree = "<group>"; };
		4B1AB031205DAAB600E50C37 /* Driver.swift */ = {isa = PBXFileReference; lastKnownFileType = sourcecode.swift; path = Driver.swift; sourceTree = "<group>"; };
		4B1AB033205DAAEC00E50C37 /* Constructor.swift */ = {isa = PBXFileReference; lastKnownFileType = sourcecode.swift; path = Constructor.swift; sourceTree = "<group>"; };
		4B1AB036205DAB2200E50C37 /* Race.swift */ = {isa = PBXFileReference; lastKnownFileType = sourcecode.swift; path = Race.swift; sourceTree = "<group>"; };
		4B1AB038205DABD100E50C37 /* Team.swift */ = {isa = PBXFileReference; lastKnownFileType = sourcecode.swift; path = Team.swift; sourceTree = "<group>"; };
/* End PBXFileReference section */

/* Begin PBXFrameworksBuildPhase section */
		4B1AB00A205DA8F300E50C37 /* Frameworks */ = {
			isa = PBXFrameworksBuildPhase;
			buildActionMask = 2147483647;
			files = (
			);
			runOnlyForDeploymentPostprocessing = 0;
		};
		4B1AB01E205DA8F300E50C37 /* Frameworks */ = {
			isa = PBXFrameworksBuildPhase;
			buildActionMask = 2147483647;
			files = (
			);
			runOnlyForDeploymentPostprocessing = 0;
		};
/* End PBXFrameworksBuildPhase section */

/* Begin PBXGroup section */
		4B1AB004205DA8F300E50C37 = {
			isa = PBXGroup;
			children = (
				4B1AB00F205DA8F300E50C37 /* FantasyGPSimulator */,
				4B1AB024205DA8F300E50C37 /* FantasyGPSimulatorTests */,
				4B1AB00E205DA8F300E50C37 /* Products */,
			);
			sourceTree = "<group>";
		};
		4B1AB00E205DA8F300E50C37 /* Products */ = {
			isa = PBXGroup;
			children = (
				4B1AB00D205DA8F300E50C37 /* FantasyGPSimulator.app */,
				4B1AB021205DA8F300E50C37 /* FantasyGPSimulatorTests.xctest */,
			);
			name = Products;
			sourceTree = "<group>";
		};
		4B1AB00F205DA8F300E50C37 /* FantasyGPSimulator */ = {
			isa = PBXGroup;
			children = (
				4B1AB035205DAB1A00E50C37 /* Race */,
				4B1AB030205DAA9800E50C37 /* Model */,
				4B1AB010205DA8F300E50C37 /* AppDelegate.swift */,
				4B1AB012205DA8F300E50C37 /* ViewController.swift */,
				4B1AB014205DA8F300E50C37 /* Main.storyboard */,
				4B1AB017205DA8F300E50C37 /* Assets.xcassets */,
				4B1AB019205DA8F300E50C37 /* LaunchScreen.storyboard */,
				4B1AB01C205DA8F300E50C37 /* Info.plist */,
			);
			path = FantasyGPSimulator;
			sourceTree = "<group>";
		};
		4B1AB024205DA8F300E50C37 /* FantasyGPSimulatorTests */ = {
			isa = PBXGroup;
			children = (
				4B1AB025205DA8F300E50C37 /* FantasyGPSimulatorTests.swift */,
				4B1AB027205DA8F300E50C37 /* Info.plist */,
			);
			path = FantasyGPSimulatorTests;
			sourceTree = "<group>";
		};
		4B1AB030205DAA9800E50C37 /* Model */ = {
			isa = PBXGroup;
			children = (
				4B1AB031205DAAB600E50C37 /* Driver.swift */,
				4B1AB033205DAAEC00E50C37 /* Constructor.swift */,
				4B1AB038205DABD100E50C37 /* Team.swift */,
			);
			path = Model;
			sourceTree = "<group>";
		};
		4B1AB035205DAB1A00E50C37 /* Race */ = {
			isa = PBXGroup;
			children = (
				4B1AB036205DAB2200E50C37 /* Race.swift */,
			);
			path = Race;
			sourceTree = "<group>";
		};
/* End PBXGroup section */

/* Begin PBXNativeTarget section */
		4B1AB00C205DA8F300E50C37 /* FantasyGPSimulator */ = {
			isa = PBXNativeTarget;
			buildConfigurationList = 4B1AB02A205DA8F300E50C37 /* Build configuration list for PBXNativeTarget "FantasyGPSimulator" */;
			buildPhases = (
				4B1AB009205DA8F300E50C37 /* Sources */,
				4B1AB00A205DA8F300E50C37 /* Frameworks */,
				4B1AB00B205DA8F300E50C37 /* Resources */,
			);
			buildRules = (
			);
			dependencies = (
			);
			name = FantasyGPSimulator;
			productName = FantasyGPSimulator;
			productReference = 4B1AB00D205DA8F300E50C37 /* FantasyGPSimulator.app */;
			productType = "com.apple.product-type.application";
		};
		4B1AB020205DA8F300E50C37 /* FantasyGPSimulatorTests */ = {
			isa = PBXNativeTarget;
			buildConfigurationList = 4B1AB02D205DA8F300E50C37 /* Build configuration list for PBXNativeTarget "FantasyGPSimulatorTests" */;
			buildPhases = (
				4B1AB01D205DA8F300E50C37 /* Sources */,
				4B1AB01E205DA8F300E50C37 /* Frameworks */,
				4B1AB01F205DA8F300E50C37 /* Resources */,
			);
			buildRules = (
			);
			dependencies = (
				4B1AB023205DA8F300E50C37 /* PBXTargetDependency */,
			);
			name = FantasyGPSimulatorTests;
			productName = FantasyGPSimulatorTests;
			productReference = 4B1AB021205DA8F300E50C37 /* FantasyGPSimulatorTests.xctest */;
			productType = "com.apple.product-type.bundle.unit-test";
		};
/* End PBXNativeTarget section */

/* Begin PBXProject section */
		4B1AB005205DA8F300E50C37 /* Project object */ = {
			isa = PBXProject;
			attributes = {
				LastSwiftUpdateCheck = 0920;
				LastUpgradeCheck = 0920;
				ORGANIZATIONNAME = "Christopher Fonseka";
				TargetAttributes = {
					4B1AB00C205DA8F300E50C37 = {
						CreatedOnToolsVersion = 9.2;
						ProvisioningStyle = Automatic;
					};
					4B1AB020205DA8F300E50C37 = {
						CreatedOnToolsVersion = 9.2;
						ProvisioningStyle = Automatic;
						TestTargetID = 4B1AB00C205DA8F300E50C37;
					};
				};
			};
			buildConfigurationList = 4B1AB008205DA8F300E50C37 /* Build configuration list for PBXProject "FantasyGPSimulator" */;
			compatibilityVersion = "Xcode 8.0";
			developmentRegion = en;
			hasScannedForEncodings = 0;
			knownRegions = (
				en,
				Base,
			);
			mainGroup = 4B1AB004205DA8F300E50C37;
			productRefGroup = 4B1AB00E205DA8F300E50C37 /* Products */;
			projectDirPath = "";
			projectRoot = "";
			targets = (
				4B1AB00C205DA8F300E50C37 /* FantasyGPSimulator */,
				4B1AB020205DA8F300E50C37 /* FantasyGPSimulatorTests */,
			);
		};
/* End PBXProject section */

/* Begin PBXResourcesBuildPhase section */
		4B1AB00B205DA8F300E50C37 /* Resources */ = {
			isa = PBXResourcesBuildPhase;
			buildActionMask = 2147483647;
			files = (
				4B1AB01B205DA8F300E50C37 /* LaunchScreen.storyboard in Resources */,
				4B1AB018205DA8F300E50C37 /* Assets.xcassets in Resources */,
				4B1AB016205DA8F300E50C37 /* Main.storyboard in Resources */,
			);
			runOnlyForDeploymentPostprocessing = 0;
		};
		4B1AB01F205DA8F300E50C37 /* Resources */ = {
			isa = PBXResourcesBuildPhase;
			buildActionMask = 2147483647;
			files = (
			);
			runOnlyForDeploymentPostprocessing = 0;
		};
/* End PBXResourcesBuildPhase section */

/* Begin PBXSourcesBuildPhase section */
		4B1AB009205DA8F300E50C37 /* Sources */ = {
			isa = PBXSourcesBuildPhase;
			buildActionMask = 2147483647;
			files = (
				4B1AB039205DABD100E50C37 /* Team.swift in Sources */,
				4B1AB034205DAAEC00E50C37 /* Constructor.swift in Sources */,
				4B1AB032205DAAB600E50C37 /* Driver.swift in Sources */,
				4B1AB013205DA8F300E50C37 /* ViewController.swift in Sources */,
				4B1AB011205DA8F300E50C37 /* AppDelegate.swift in Sources */,
				4B1AB037205DAB2200E50C37 /* Race.swift in Sources */,
			);
			runOnlyForDeploymentPostprocessing = 0;
		};
		4B1AB01D205DA8F300E50C37 /* Sources */ = {
			isa = PBXSourcesBuildPhase;
			buildActionMask = 2147483647;
			files = (
				4B1AB026205DA8F300E50C37 /* FantasyGPSimulatorTests.swift in Sources */,
			);
			runOnlyForDeploymentPostprocessing = 0;
		};
/* End PBXSourcesBuildPhase section */

/* Begin PBXTargetDependency section */
		4B1AB023205DA8F300E50C37 /* PBXTargetDependency */ = {
			isa = PBXTargetDependency;
			target = 4B1AB00C205DA8F300E50C37 /* FantasyGPSimulator */;
			targetProxy = 4B1AB022205DA8F300E50C37 /* PBXContainerItemProxy */;
		};
/* End PBXTargetDependency section */

/* Begin PBXVariantGroup section */
		4B1AB014205DA8F300E50C37 /* Main.storyboard */ = {
			isa = PBXVariantGroup;
			children = (
				4B1AB015205DA8F300E50C37 /* Base */,
			);
			name = Main.storyboard;
			sourceTree = "<group>";
		};
		4B1AB019205DA8F300E50C37 /* LaunchScreen.storyboard */ = {
			isa = PBXVariantGroup;
			children = (
				4B1AB01A205DA8F300E50C37 /* Base */,
			);
			name = LaunchScreen.storyboard;
			sourceTree = "<group>";
		};
/* End PBXVariantGroup section */

/* Begin XCBuildConfiguration section */
		4B1AB028205DA8F300E50C37 /* Debug */ = {
			isa = XCBuildConfiguration;
			buildSettings = {
				ALWAYS_SEARCH_USER_PATHS = NO;
				CLANG_ANALYZER_NONNULL = YES;
				CLANG_ANALYZER_NUMBER_OBJECT_CONVERSION = YES_AGGRESSIVE;
				CLANG_CXX_LANGUAGE_STANDARD = "gnu++14";
				CLANG_CXX_LIBRARY = "libc++";
				CLANG_ENABLE_MODULES = YES;
				CLANG_ENABLE_OBJC_ARC = YES;
				CLANG_WARN_BLOCK_CAPTURE_AUTORELEASING = YES;
				CLANG_WARN_BOOL_CONVERSION = YES;
				CLANG_WARN_COMMA = YES;
				CLANG_WARN_CONSTANT_CONVERSION = YES;
				CLANG_WARN_DIRECT_OBJC_ISA_USAGE = YES_ERROR;
				CLANG_WARN_DOCUMENTATION_COMMENTS = YES;
				CLANG_WARN_EMPTY_BODY = YES;
				CLANG_WARN_ENUM_CONVERSION = YES;
				CLANG_WARN_INFINITE_RECURSION = YES;
				CLANG_WARN_INT_CONVERSION = YES;
				CLANG_WARN_NON_LITERAL_NULL_CONVERSION = YES;
				CLANG_WARN_OBJC_LITERAL_CONVERSION = YES;
				CLANG_WARN_OBJC_ROOT_CLASS = YES_ERROR;
				CLANG_WARN_RANGE_LOOP_ANALYSIS = YES;
				CLANG_WARN_STRICT_PROTOTYPES = YES;
				CLANG_WARN_SUSPICIOUS_MOVE = YES;
				CLANG_WARN_UNGUARDED_AVAILABILITY = YES_AGGRESSIVE;
				CLANG_WARN_UNREACHABLE_CODE = YES;
				CLANG_WARN__DUPLICATE_METHOD_MATCH = YES;
				CODE_SIGN_IDENTITY = "iPhone Developer";
				COPY_PHASE_STRIP = NO;
				DEBUG_INFORMATION_FORMAT = dwarf;
				ENABLE_STRICT_OBJC_MSGSEND = YES;
				ENABLE_TESTABILITY = YES;
				GCC_C_LANGUAGE_STANDARD = gnu11;
				GCC_DYNAMIC_NO_PIC = NO;
				GCC_NO_COMMON_BLOCKS = YES;
				GCC_OPTIMIZATION_LEVEL = 0;
				GCC_PREPROCESSOR_DEFINITIONS = (
					"DEBUG=1",
					"$(inherited)",
				);
				GCC_WARN_64_TO_32_BIT_CONVERSION = YES;
				GCC_WARN_ABOUT_RETURN_TYPE = YES_ERROR;
				GCC_WARN_UNDECLARED_SELECTOR = YES;
				GCC_WARN_UNINITIALIZED_AUTOS = YES_AGGRESSIVE;
				GCC_WARN_UNUSED_FUNCTION = YES;
				GCC_WARN_UNUSED_VARIABLE = YES;
				IPHONEOS_DEPLOYMENT_TARGET = 11.2;
				MTL_ENABLE_DEBUG_INFO = YES;
				ONLY_ACTIVE_ARCH = YES;
				SDKROOT = iphoneos;
				SWIFT_ACTIVE_COMPILATION_CONDITIONS = DEBUG;
				SWIFT_OPTIMIZATION_LEVEL = "-Onone";
			};
			name = Debug;
		};
		4B1AB029205DA8F300E50C37 /* Release */ = {
			isa = XCBuildConfiguration;
			buildSettings = {
				ALWAYS_SEARCH_USER_PATHS = NO;
				CLANG_ANALYZER_NONNULL = YES;
				CLANG_ANALYZER_NUMBER_OBJECT_CONVERSION = YES_AGGRESSIVE;
				CLANG_CXX_LANGUAGE_STANDARD = "gnu++14";
				CLANG_CXX_LIBRARY = "libc++";
				CLANG_ENABLE_MODULES = YES;
				CLANG_ENABLE_OBJC_ARC = YES;
				CLANG_WARN_BLOCK_CAPTURE_AUTORELEASING = YES;
				CLANG_WARN_BOOL_CONVERSION = YES;
				CLANG_WARN_COMMA = YES;
				CLANG_WARN_CONSTANT_CONVERSION = YES;
				CLANG_WARN_DIRECT_OBJC_ISA_USAGE = YES_ERROR;
				CLANG_WARN_DOCUMENTATION_COMMENTS = YES;
				CLANG_WARN_EMPTY_BODY = YES;
				CLANG_WARN_ENUM_CONVERSION = YES;
				CLANG_WARN_INFINITE_RECURSION = YES;
				CLANG_WARN_INT_CONVERSION = YES;
				CLANG_WARN_NON_LITERAL_NULL_CONVERSION = YES;
				CLANG_WARN_OBJC_LITERAL_CONVERSION = YES;
				CLANG_WARN_OBJC_ROOT_CLASS = YES_ERROR;
				CLANG_WARN_RANGE_LOOP_ANALYSIS = YES;
				CLANG_WARN_STRICT_PROTOTYPES = YES;
				CLANG_WARN_SUSPICIOUS_MOVE = YES;
				CLANG_WARN_UNGUARDED_AVAILABILITY = YES_AGGRESSIVE;
				CLANG_WARN_UNREACHABLE_CODE = YES;
				CLANG_WARN__DUPLICATE_METHOD_MATCH = YES;
				CODE_SIGN_IDENTITY = "iPhone Developer";
				COPY_PHASE_STRIP = NO;
				DEBUG_INFORMATION_FORMAT = "dwarf-with-dsym";
				ENABLE_NS_ASSERTIONS = NO;
				ENABLE_STRICT_OBJC_MSGSEND = YES;
				GCC_C_LANGUAGE_STANDARD = gnu11;
				GCC_NO_COMMON_BLOCKS = YES;
				GCC_WARN_64_TO_32_BIT_CONVERSION = YES;
				GCC_WARN_ABOUT_RETURN_TYPE = YES_ERROR;
				GCC_WARN_UNDECLARED_SELECTOR = YES;
				GCC_WARN_UNINITIALIZED_AUTOS = YES_AGGRESSIVE;
				GCC_WARN_UNUSED_FUNCTION = YES;
				GCC_WARN_UNUSED_VARIABLE = YES;
				IPHONEOS_DEPLOYMENT_TARGET = 11.2;
				MTL_ENABLE_DEBUG_INFO = NO;
				SDKROOT = iphoneos;
				SWIFT_OPTIMIZATION_LEVEL = "-Owholemodule";
				VALIDATE_PRODUCT = YES;
			};
			name = Release;
		};
		4B1AB02B205DA8F300E50C37 /* Debug */ = {
			isa = XCBuildConfiguration;
			buildSettings = {
				ASSETCATALOG_COMPILER_APPICON_NAME = AppIcon;
				CODE_SIGN_STYLE = Automatic;
				DEVELOPMENT_TEAM = LH8455G983;
				INFOPLIST_FILE = FantasyGPSimulator/Info.plist;
				LD_RUNPATH_SEARCH_PATHS = "$(inherited) @executable_path/Frameworks";
				PRODUCT_BUNDLE_IDENTIFIER = christopherFonseka.FantasyGPSimulator;
				PRODUCT_NAME = "$(TARGET_NAME)";
				SWIFT_VERSION = 4.0;
				TARGETED_DEVICE_FAMILY = "1,2";
			};
			name = Debug;
		};
		4B1AB02C205DA8F300E50C37 /* Release */ = {
			isa = XCBuildConfiguration;
			buildSettings = {
				ASSETCATALOG_COMPILER_APPICON_NAME = AppIcon;
				CODE_SIGN_STYLE = Automatic;
				DEVELOPMENT_TEAM = LH8455G983;
				INFOPLIST_FILE = FantasyGPSimulator/Info.plist;
				LD_RUNPATH_SEARCH_PATHS = "$(inherited) @executable_path/Frameworks";
				PRODUCT_BUNDLE_IDENTIFIER = christopherFonseka.FantasyGPSimulator;
				PRODUCT_NAME = "$(TARGET_NAME)";
				SWIFT_VERSION = 4.0;
				TARGETED_DEVICE_FAMILY = "1,2";
			};
			name = Release;
		};
		4B1AB02E205DA8F300E50C37 /* Debug */ = {
			isa = XCBuildConfiguration;
			buildSettings = {
				ALWAYS_EMBED_SWIFT_STANDARD_LIBRARIES = YES;
				BUNDLE_LOADER = "$(TEST_HOST)";
				CODE_SIGN_STYLE = Automatic;
				DEVELOPMENT_TEAM = LH8455G983;
				INFOPLIST_FILE = FantasyGPSimulatorTests/Info.plist;
				LD_RUNPATH_SEARCH_PATHS = "$(inherited) @executable_path/Frameworks @loader_path/Frameworks";
				PRODUCT_BUNDLE_IDENTIFIER = christopherFonseka.FantasyGPSimulatorTests;
				PRODUCT_NAME = "$(TARGET_NAME)";
				SWIFT_VERSION = 4.0;
				TARGETED_DEVICE_FAMILY = "1,2";
				TEST_HOST = "$(BUILT_PRODUCTS_DIR)/FantasyGPSimulator.app/FantasyGPSimulator";
			};
			name = Debug;
		};
		4B1AB02F205DA8F300E50C37 /* Release */ = {
			isa = XCBuildConfiguration;
			buildSettings = {
				ALWAYS_EMBED_SWIFT_STANDARD_LIBRARIES = YES;
				BUNDLE_LOADER = "$(TEST_HOST)";
				CODE_SIGN_STYLE = Automatic;
				DEVELOPMENT_TEAM = LH8455G983;
				INFOPLIST_FILE = FantasyGPSimulatorTests/Info.plist;
				LD_RUNPATH_SEARCH_PATHS = "$(inherited) @executable_path/Frameworks @loader_path/Frameworks";
				PRODUCT_BUNDLE_IDENTIFIER = christopherFonseka.FantasyGPSimulatorTests;
				PRODUCT_NAME = "$(TARGET_NAME)";
				SWIFT_VERSION = 4.0;
				TARGETED_DEVICE_FAMILY = "1,2";
				TEST_HOST = "$(BUILT_PRODUCTS_DIR)/FantasyGPSimulator.app/FantasyGPSimulator";
			};
			name = Release;
		};
/* End XCBuildConfiguration section */

/* Begin XCConfigurationList section */
		4B1AB008205DA8F300E50C37 /* Build configuration list for PBXProject "FantasyGPSimulator" */ = {
			isa = XCConfigurationList;
			buildConfigurations = (
				4B1AB028205DA8F300E50C37 /* Debug */,
				4B1AB029205DA8F300E50C37 /* Release */,
			);
			defaultConfigurationIsVisible = 0;
			defaultConfigurationName = Release;
		};
		4B1AB02A205DA8F300E50C37 /* Build configuration list for PBXNativeTarget "FantasyGPSimulator" */ = {
			isa = XCConfigurationList;
			buildConfigurations = (
				4B1AB02B205DA8F300E50C37 /* Debug */,
				4B1AB02C205DA8F300E50C37 /* Release */,
			);
			defaultConfigurationIsVisible = 0;
			defaultConfigurationName = Release;
		};
		4B1AB02D205DA8F300E50C37 /* Build configuration list for PBXNativeTarget "FantasyGPSimulatorTests" */ = {
			isa = XCConfigurationList;
			buildConfigurations = (
				4B1AB02E205DA8F300E50C37 /* Debug */,
				4B1AB02F205DA8F300E50C37 /* Release */,
			);
			defaultConfigurationIsVisible = 0;
			defaultConfigurationName = Release;
		};
/* End XCConfigurationList section */
	};
	rootObject = 4B1AB005205DA8F300E50C37 /* Project object */;
}
